// !$*UTF8*$!
{
	archiveVersion = 1;
	classes = {
	};
	objectVersion = 50;
	objects = {

/* Begin PBXBuildFile section */
		6573D73F1E09A2ADD17354AC /* Pods_onBoarding.framework in Frameworks */ = {isa = PBXBuildFile; fileRef = DA3BE071063F7EFEB5CD21A0 /* Pods_onBoarding.framework */; };
		C597CF302259A3CE001B2007 /* AppDelegate.swift in Sources */ = {isa = PBXBuildFile; fileRef = C597CF2F2259A3CE001B2007 /* AppDelegate.swift */; };
		C597CF322259A3CE001B2007 /* ViewController.swift in Sources */ = {isa = PBXBuildFile; fileRef = C597CF312259A3CE001B2007 /* ViewController.swift */; };
		C597CF352259A3CE001B2007 /* Main.storyboard in Resources */ = {isa = PBXBuildFile; fileRef = C597CF332259A3CE001B2007 /* Main.storyboard */; };
		C597CF372259A3CF001B2007 /* Assets.xcassets in Resources */ = {isa = PBXBuildFile; fileRef = C597CF362259A3CF001B2007 /* Assets.xcassets */; };
		C597CF3A2259A3CF001B2007 /* LaunchScreen.storyboard in Resources */ = {isa = PBXBuildFile; fileRef = C597CF382259A3CF001B2007 /* LaunchScreen.storyboard */; };
/* End PBXBuildFile section */

/* Begin PBXFileReference section */
		C1661998E744228CB13C9A64 /* Pods-onBoarding.release.xcconfig */ = {isa = PBXFileReference; includeInIndex = 1; lastKnownFileType = text.xcconfig; name = "Pods-onBoarding.release.xcconfig"; path = "Target Support Files/Pods-onBoarding/Pods-onBoarding.release.xcconfig"; sourceTree = "<group>"; };
		C597CF2C2259A3CE001B2007 /* onBoarding.app */ = {isa = PBXFileReference; explicitFileType = wrapper.application; includeInIndex = 0; path = onBoarding.app; sourceTree = BUILT_PRODUCTS_DIR; };
		C597CF2F2259A3CE001B2007 /* AppDelegate.swift */ = {isa = PBXFileReference; lastKnownFileType = sourcecode.swift; path = AppDelegate.swift; sourceTree = "<group>"; };
		C597CF312259A3CE001B2007 /* ViewController.swift */ = {isa = PBXFileReference; lastKnownFileType = sourcecode.swift; path = ViewController.swift; sourceTree = "<group>"; };
		C597CF342259A3CE001B2007 /* Base */ = {isa = PBXFileReference; lastKnownFileType = file.storyboard; name = Base; path = Base.lproj/Main.storyboard; sourceTree = "<group>"; };
		C597CF362259A3CF001B2007 /* Assets.xcassets */ = {isa = PBXFileReference; lastKnownFileType = folder.assetcatalog; path = Assets.xcassets; sourceTree = "<group>"; };
		C597CF392259A3CF001B2007 /* Base */ = {isa = PBXFileReference; lastKnownFileType = file.storyboard; name = Base; path = Base.lproj/LaunchScreen.storyboard; sourceTree = "<group>"; };
		C597CF3B2259A3CF001B2007 /* Info.plist */ = {isa = PBXFileReference; lastKnownFileType = text.plist.xml; path = Info.plist; sourceTree = "<group>"; };
		CE8F51840D5597A28D63A826 /* Pods-onBoarding.debug.xcconfig */ = {isa = PBXFileReference; includeInIndex = 1; lastKnownFileType = text.xcconfig; name = "Pods-onBoarding.debug.xcconfig"; path = "Target Support Files/Pods-onBoarding/Pods-onBoarding.debug.xcconfig"; sourceTree = "<group>"; };
		DA3BE071063F7EFEB5CD21A0 /* Pods_onBoarding.framework */ = {isa = PBXFileReference; explicitFileType = wrapper.framework; includeInIndex = 0; path = Pods_onBoarding.framework; sourceTree = BUILT_PRODUCTS_DIR; };
/* End PBXFileReference section */

/* Begin PBXFrameworksBuildPhase section */
		C597CF292259A3CE001B2007 /* Frameworks */ = {
			isa = PBXFrameworksBuildPhase;
			buildActionMask = 2147483647;
			files = (
				6573D73F1E09A2ADD17354AC /* Pods_onBoarding.framework in Frameworks */,
			);
			runOnlyForDeploymentPostprocessing = 0;
		};
/* End PBXFrameworksBuildPhase section */

/* Begin PBXGroup section */
		C2C188DC70B111C58ACB18F8 /* Pods */ = {
			isa = PBXGroup;
			children = (
				CE8F51840D5597A28D63A826 /* Pods-onBoarding.debug.xcconfig */,
				C1661998E744228CB13C9A64 /* Pods-onBoarding.release.xcconfig */,
			);
			path = Pods;
			sourceTree = "<group>";
		};
		C597CF232259A3CE001B2007 = {
			isa = PBXGroup;
			children = (
				C597CF2E2259A3CE001B2007 /* onBoarding */,
				C597CF2D2259A3CE001B2007 /* Products */,
				C2C188DC70B111C58ACB18F8 /* Pods */,
				D1A25DA79EE1C3D4E5F25F30 /* Frameworks */,
			);
			sourceTree = "<group>";
		};
		C597CF2D2259A3CE001B2007 /* Products */ = {
			isa = PBXGroup;
			children = (
				C597CF2C2259A3CE001B2007 /* onBoarding.app */,
			);
			name = Products;
			sourceTree = "<group>";
		};
		C597CF2E2259A3CE001B2007 /* onBoarding */ = {
			isa = PBXGroup;
			children = (
				C597CF2F2259A3CE001B2007 /* AppDelegate.swift */,
				C597CF312259A3CE001B2007 /* ViewController.swift */,
				C597CF332259A3CE001B2007 /* Main.storyboard */,
				C597CF362259A3CF001B2007 /* Assets.xcassets */,
				C597CF382259A3CF001B2007 /* LaunchScreen.storyboard */,
				C597CF3B2259A3CF001B2007 /* Info.plist */,
			);
			path = onBoarding;
			sourceTree = "<group>";
		};
		D1A25DA79EE1C3D4E5F25F30 /* Frameworks */ = {
			isa = PBXGroup;
			children = (
				DA3BE071063F7EFEB5CD21A0 /* Pods_onBoarding.framework */,
			);
			name = Frameworks;
			sourceTree = "<group>";
		};
/* End PBXGroup section */

/* Begin PBXNativeTarget section */
		C597CF2B2259A3CE001B2007 /* onBoarding */ = {
			isa = PBXNativeTarget;
			buildConfigurationList = C597CF3E2259A3CF001B2007 /* Build configuration list for PBXNativeTarget "onBoarding" */;
			buildPhases = (
				FE792EFBCD6CF8124A655B02 /* [CP] Check Pods Manifest.lock */,
				C597CF282259A3CE001B2007 /* Sources */,
				C597CF292259A3CE001B2007 /* Frameworks */,
				C597CF2A2259A3CE001B2007 /* Resources */,
				C32B0F14B18653D1D1E1B468 /* [CP] Embed Pods Frameworks */,
			);
			buildRules = (
			);
			dependencies = (
			);
			name = onBoarding;
			productName = onBoarding;
			productReference = C597CF2C2259A3CE001B2007 /* onBoarding.app */;
			productType = "com.apple.product-type.application";
		};
/* End PBXNativeTarget section */

/* Begin PBXProject section */
		C597CF242259A3CE001B2007 /* Project object */ = {
			isa = PBXProject;
			attributes = {
				LastSwiftUpdateCheck = 1020;
				LastUpgradeCheck = 1020;
				ORGANIZATIONNAME = "Joy Paul";
				TargetAttributes = {
					C597CF2B2259A3CE001B2007 = {
						CreatedOnToolsVersion = 10.2;
					};
				};
			};
			buildConfigurationList = C597CF272259A3CE001B2007 /* Build configuration list for PBXProject "onBoarding" */;
			compatibilityVersion = "Xcode 9.3";
			developmentRegion = en;
			hasScannedForEncodings = 0;
			knownRegions = (
				en,
				Base,
			);
			mainGroup = C597CF232259A3CE001B2007;
			productRefGroup = C597CF2D2259A3CE001B2007 /* Products */;
			projectDirPath = "";
			projectRoot = "";
			targets = (
				C597CF2B2259A3CE001B2007 /* onBoarding */,
			);
		};
/* End PBXProject section */

/* Begin PBXResourcesBuildPhase section */
		C597CF2A2259A3CE001B2007 /* Resources */ = {
			isa = PBXResourcesBuildPhase;
			buildActionMask = 2147483647;
			files = (
				C597CF3A2259A3CF001B2007 /* LaunchScreen.storyboard in Resources */,
				C597CF372259A3CF001B2007 /* Assets.xcassets in Resources */,
				C597CF352259A3CE001B2007 /* Main.storyboard in Resources */,
			);
			runOnlyForDeploymentPostprocessing = 0;
		};
/* End PBXResourcesBuildPhase section */

/* Begin PBXShellScriptBuildPhase section */
		C32B0F14B18653D1D1E1B468 /* [CP] Embed Pods Frameworks */ = {
			isa = PBXShellScriptBuildPhase;
			buildActionMask = 2147483647;
			files = (
			);
			inputFileListPaths = (
			);
			inputPaths = (
				"${PODS_ROOT}/Target Support Files/Pods-onBoarding/Pods-onBoarding-frameworks.sh",
				"${BUILT_PRODUCTS_DIR}/OnboardKit/OnboardKit.framework",
			);
			name = "[CP] Embed Pods Frameworks";
			outputFileListPaths = (
			);
			outputPaths = (
				"${TARGET_BUILD_DIR}/${FRAMEWORKS_FOLDER_PATH}/OnboardKit.framework",
			);
			runOnlyForDeploymentPostprocessing = 0;
			shellPath = /bin/sh;
			shellScript = "\"${PODS_ROOT}/Target Support Files/Pods-onBoarding/Pods-onBoarding-frameworks.sh\"\n";
			showEnvVarsInLog = 0;
		};
		FE792EFBCD6CF8124A655B02 /* [CP] Check Pods Manifest.lock */ = {
			isa = PBXShellScriptBuildPhase;
			buildActionMask = 2147483647;
			files = (
			);
			inputFileListPaths = (
			);
			inputPaths = (
				"${PODS_PODFILE_DIR_PATH}/Podfile.lock",
				"${PODS_ROOT}/Manifest.lock",
			);
			name = "[CP] Check Pods Manifest.lock";
			outputFileListPaths = (
			);
			outputPaths = (
				"$(DERIVED_FILE_DIR)/Pods-onBoarding-checkManifestLockResult.txt",
			);
			runOnlyForDeploymentPostprocessing = 0;
			shellPath = /bin/sh;
			shellScript = "diff \"${PODS_PODFILE_DIR_PATH}/Podfile.lock\" \"${PODS_ROOT}/Manifest.lock\" > /dev/null\nif [ $? != 0 ] ; then\n    # print error to STDERR\n    echo \"error: The sandbox is not in sync with the Podfile.lock. Run 'pod install' or update your CocoaPods installation.\" >&2\n    exit 1\nfi\n# This output is used by Xcode 'outputs' to avoid re-running this script phase.\necho \"SUCCESS\" > \"${SCRIPT_OUTPUT_FILE_0}\"\n";
			showEnvVarsInLog = 0;
		};
/* End PBXShellScriptBuildPhase section */

/* Begin PBXSourcesBuildPhase section */
		C597CF282259A3CE001B2007 /* Sources */ = {
			isa = PBXSourcesBuildPhase;
			buildActionMask = 2147483647;
			files = (
				C597CF322259A3CE001B2007 /* ViewController.swift in Sources */,
				C597CF302259A3CE001B2007 /* AppDelegate.swift in Sources */,
			);
			runOnlyForDeploymentPostprocessing = 0;
		};
/* End PBXSourcesBuildPhase section */

/* Begin PBXVariantGroup section */
		C597CF332259A3CE001B2007 /* Main.storyboard */ = {
			isa = PBXVariantGroup;
			children = (
				C597CF342259A3CE001B2007 /* Base */,
			);
			name = Main.storyboard;
			sourceTree = "<group>";
		};
		C597CF382259A3CF001B2007 /* LaunchScreen.storyboard */ = {
			isa = PBXVariantGroup;
			children = (
				C597CF392259A3CF001B2007 /* Base */,
			);
			name = LaunchScreen.storyboard;
			sourceTree = "<group>";
		};
/* End PBXVariantGroup section */

/* Begin XCBuildConfiguration section */
		C597CF3C2259A3CF001B2007 /* Debug */ = {
			isa = XCBuildConfiguration;
			buildSettings = {
				ALWAYS_SEARCH_USER_PATHS = NO;
				CLANG_ANALYZER_NONNULL = YES;
				CLANG_ANALYZER_NUMBER_OBJECT_CONVERSION = YES_AGGRESSIVE;
				CLANG_CXX_LANGUAGE_STANDARD = "gnu++14";
				CLANG_CXX_LIBRARY = "libc++";
				CLANG_ENABLE_MODULES = YES;
				CLANG_ENABLE_OBJC_ARC = YES;
				CLANG_ENABLE_OBJC_WEAK = YES;
				CLANG_WARN_BLOCK_CAPTURE_AUTORELEASING = YES;
				CLANG_WARN_BOOL_CONVERSION = YES;
				CLANG_WARN_COMMA = YES;
				CLANG_WARN_CONSTANT_CONVERSION = YES;
				CLANG_WARN_DEPRECATED_OBJC_IMPLEMENTATIONS = YES;
				CLANG_WARN_DIRECT_OBJC_ISA_USAGE = YES_ERROR;
				CLANG_WARN_DOCUMENTATION_COMMENTS = YES;
				CLANG_WARN_EMPTY_BODY = YES;
				CLANG_WARN_ENUM_CONVERSION = YES;
				CLANG_WARN_INFINITE_RECURSION = YES;
				CLANG_WARN_INT_CONVERSION = YES;
				CLANG_WARN_NON_LITERAL_NULL_CONVERSION = YES;
				CLANG_WARN_OBJC_IMPLICIT_RETAIN_SELF = YES;
				CLANG_WARN_OBJC_LITERAL_CONVERSION = YES;
				CLANG_WARN_OBJC_ROOT_CLASS = YES_ERROR;
				CLANG_WARN_RANGE_LOOP_ANALYSIS = YES;
				CLANG_WARN_STRICT_PROTOTYPES = YES;
				CLANG_WARN_SUSPICIOUS_MOVE = YES;
				CLANG_WARN_UNGUARDED_AVAILABILITY = YES_AGGRESSIVE;
				CLANG_WARN_UNREACHABLE_CODE = YES;
				CLANG_WARN__DUPLICATE_METHOD_MATCH = YES;
				CODE_SIGN_IDENTITY = "iPhone Developer";
				COPY_PHASE_STRIP = NO;
				DEBUG_INFORMATION_FORMAT = dwarf;
				ENABLE_STRICT_OBJC_MSGSEND = YES;
				ENABLE_TESTABILITY = YES;
				GCC_C_LANGUAGE_STANDARD = gnu11;
				GCC_DYNAMIC_NO_PIC = NO;
				GCC_NO_COMMON_BLOCKS = YES;
				GCC_OPTIMIZATION_LEVEL = 0;
				GCC_PREPROCESSOR_DEFINITIONS = (
					"DEBUG=1",
					"$(inherited)",
				);
				GCC_WARN_64_TO_32_BIT_CONVERSION = YES;
				GCC_WARN_ABOUT_RETURN_TYPE = YES_ERROR;
				GCC_WARN_UNDECLARED_SELECTOR = YES;
				GCC_WARN_UNINITIALIZED_AUTOS = YES_AGGRESSIVE;
				GCC_WARN_UNUSED_FUNCTION = YES;
				GCC_WARN_UNUSED_VARIABLE = YES;
				IPHONEOS_DEPLOYMENT_TARGET = 12.2;
				MTL_ENABLE_DEBUG_INFO = INCLUDE_SOURCE;
				MTL_FAST_MATH = YES;
				ONLY_ACTIVE_ARCH = YES;
				SDKROOT = iphoneos;
				SWIFT_ACTIVE_COMPILATION_CONDITIONS = DEBUG;
				SWIFT_OPTIMIZATION_LEVEL = "-Onone";
			};
			name = Debug;
		};
		C597CF3D2259A3CF001B2007 /* Release */ = {
			isa = XCBuildConfiguration;
			buildSettings = {
				ALWAYS_SEARCH_USER_PATHS = NO;
				CLANG_ANALYZER_NONNULL = YES;
				CLANG_ANALYZER_NUMBER_OBJECT_CONVERSION = YES_AGGRESSIVE;
				CLANG_CXX_LANGUAGE_STANDARD = "gnu++14";
				CLANG_CXX_LIBRARY = "libc++";
				CLANG_ENABLE_MODULES = YES;
				CLANG_ENABLE_OBJC_ARC = YES;
				CLANG_ENABLE_OBJC_WEAK = YES;
				CLANG_WARN_BLOCK_CAPTURE_AUTORELEASING = YES;
				CLANG_WARN_BOOL_CONVERSION = YES;
				CLANG_WARN_COMMA = YES;
				CLANG_WARN_CONSTANT_CONVERSION = YES;
				CLANG_WARN_DEPRECATED_OBJC_IMPLEMENTATIONS = YES;
				CLANG_WARN_DIRECT_OBJC_ISA_USAGE = YES_ERROR;
				CLANG_WARN_DOCUMENTATION_COMMENTS = YES;
				CLANG_WARN_EMPTY_BODY = YES;
				CLANG_WARN_ENUM_CONVERSION = YES;
				CLANG_WARN_INFINITE_RECURSION = YES;
				CLANG_WARN_INT_CONVERSION = YES;
				CLANG_WARN_NON_LITERAL_NULL_CONVERSION = YES;
				CLANG_WARN_OBJC_IMPLICIT_RETAIN_SELF = YES;
				CLANG_WARN_OBJC_LITERAL_CONVERSION = YES;
				CLANG_WARN_OBJC_ROOT_CLASS = YES_ERROR;
				CLANG_WARN_RANGE_LOOP_ANALYSIS = YES;
				CLANG_WARN_STRICT_PROTOTYPES = YES;
				CLANG_WARN_SUSPICIOUS_MOVE = YES;
				CLANG_WARN_UNGUARDED_AVAILABILITY = YES_AGGRESSIVE;
				CLANG_WARN_UNREACHABLE_CODE = YES;
				CLANG_WARN__DUPLICATE_METHOD_MATCH = YES;
				CODE_SIGN_IDENTITY = "iPhone Developer";
				COPY_PHASE_STRIP = NO;
				DEBUG_INFORMATION_FORMAT = "dwarf-with-dsym";
				ENABLE_NS_ASSERTIONS = NO;
				ENABLE_STRICT_OBJC_MSGSEND = YES;
				GCC_C_LANGUAGE_STANDARD = gnu11;
				GCC_NO_COMMON_BLOCKS = YES;
				GCC_WARN_64_TO_32_BIT_CONVERSION = YES;
				GCC_WARN_ABOUT_RETURN_TYPE = YES_ERROR;
				GCC_WARN_UNDECLARED_SELECTOR = YES;
				GCC_WARN_UNINITIALIZED_AUTOS = YES_AGGRESSIVE;
				GCC_WARN_UNUSED_FUNCTION = YES;
				GCC_WARN_UNUSED_VARIABLE = YES;
				IPHONEOS_DEPLOYMENT_TARGET = 12.2;
				MTL_ENABLE_DEBUG_INFO = NO;
				MTL_FAST_MATH = YES;
				SDKROOT = iphoneos;
				SWIFT_COMPILATION_MODE = wholemodule;
				SWIFT_OPTIMIZATION_LEVEL = "-O";
				VALIDATE_PRODUCT = YES;
			};
			name = Release;
		};
		C597CF3F2259A3CF001B2007 /* Debug */ = {
			isa = XCBuildConfiguration;
			baseConfigurationReference = CE8F51840D5597A28D63A826 /* Pods-onBoarding.debug.xcconfig */;
			buildSettings = {
				ASSETCATALOG_COMPILER_APPICON_NAME = AppIcon;
				CODE_SIGN_STYLE = Automatic;
				DEVELOPMENT_TEAM = BGNF8D28S2;
				INFOPLIST_FILE = onBoarding/Info.plist;
				LD_RUNPATH_SEARCH_PATHS = (
					"$(inherited)",
					"@executable_path/Frameworks",
				);
				PRODUCT_BUNDLE_IDENTIFIER = joypaul.08041995.brooklyn.ny6641.onBoarding;
				PRODUCT_NAME = "$(TARGET_NAME)";
				SWIFT_VERSION = 5.0;
				TARGETED_DEVICE_FAMILY = "1,2";
			};
			name = Debug;
		};
		C597CF402259A3CF001B2007 /* Release */ = {
			isa = XCBuildConfiguration;
			baseConfigurationReference = C1661998E744228CB13C9A64 /* Pods-onBoarding.release.xcconfig */;
			buildSettings = {
				ASSETCATALOG_COMPILER_APPICON_NAME = AppIcon;
				CODE_SIGN_STYLE = Automatic;
				DEVELOPMENT_TEAM = BGNF8D28S2;
				INFOPLIST_FILE = onBoarding/Info.plist;
				LD_RUNPATH_SEARCH_PATHS = (
					"$(inherited)",
					"@executable_path/Frameworks",
				);
				PRODUCT_BUNDLE_IDENTIFIER = joypaul.08041995.brooklyn.ny6641.onBoarding;
				PRODUCT_NAME = "$(TARGET_NAME)";
				SWIFT_VERSION = 5.0;
				TARGETED_DEVICE_FAMILY = "1,2";
			};
			name = Release;
		};
/* End XCBuildConfiguration section */

/* Begin XCConfigurationList section */
		C597CF272259A3CE001B2007 /* Build configuration list for PBXProject "onBoarding" */ = {
			isa = XCConfigurationList;
			buildConfigurations = (
				C597CF3C2259A3CF001B2007 /* Debug */,
				C597CF3D2259A3CF001B2007 /* Release */,
			);
			defaultConfigurationIsVisible = 0;
			defaultConfigurationName = Release;
		};
		C597CF3E2259A3CF001B2007 /* Build configuration list for PBXNativeTarget "onBoarding" */ = {
			isa = XCConfigurationList;
			buildConfigurations = (
				C597CF3F2259A3CF001B2007 /* Debug */,
				C597CF402259A3CF001B2007 /* Release */,
			);
			defaultConfigurationIsVisible = 0;
			defaultConfigurationName = Release;
		};
/* End XCConfigurationList section */
	};
	rootObject = C597CF242259A3CE001B2007 /* Project object */;
}
